github.com/toxyl/flo v0.0.0-20240408193025-9090db2d75aa h1:kCD67RqPzGNWNJgEnIFx2eVXN6mkG/tZIZEqFA5XN9M=
github.com/toxyl/flo v0.0.0-20240408193025-9090db2d75aa/go.mod h1:6Qcwel2+Y+idH3E6C7f8RYjmOVgKvbiwewRkcnspKgo=
github.com/toxyl/flo v0.0.0-20240408195104-afac74268dc0 h1:WyuWFWLXTfAmCAdlUgAxXGZPY8c9V0OLfP/kJ3lCD4c=
github.com/toxyl/flo v0.0.0-20240408195104-afac74268dc0/go.mod h1:6Qcwel2+Y+idH3E6C7f8RYjmOVgKvbiwewRkcnspKgo=
github.com/toxyl/flo v0.0.0-20240409093221-60e249aecb59 h1:VArdgr5Efrv5ULI1Yb67SbpR4nvn8zJwCQWVQ5Kx6bE=
github.com/toxyl/flo v0.0.0-20240409093221-60e249aecb59/go.mod h1:6Qcwel2+Y+idH3E6C7f8RYjmOVgKvbiwewRkcnspKgo=
github.com/toxyl/glog v1.0.0-alpha.15 h1:cc7jRcEk/NKtjW1KQsXHws1v9PTgMW457HZmEVrhE64=
github.com/toxyl/glog v1.0.0-alpha.15/go.mod h1:3EMPMP5wXep81eUXWfX2vLdr4zRxkMfCcHnGHciblMc=
gopkg.in/check.v1 v0.0.0-20161208181325-20d25e280405 h1:yhCVgyC4o1eVCa2tZl7eS0r+SDo693bJlVdllGtEeKM=
gopkg.in/check.v1 v0.0.0-20161208181325-20d25e280405/go.mod h1:Co6ibVJAznAaIkqp8huTwlJQCZ016jof/cbN4VW5Yz0=
gopkg.in/yaml.v3 v3.0.1 h1:fxVm/GzAzEWqLHuvctI91KS9hhNmmWOoWu0XTYJS7CA=
gopkg.in/yaml.v3 v3.0.1/go.mod h1:K4uyk7z7BCEPqu6E+C64Yfv1cQ7kz7rIZviUmN+EgEM=
