github.com/toxyl/errors v0.0.0-20240410073853-96b96b437ed5 h1:NVnK+c3tmFH7+yKGLmkx61TQQ09ZSGqjSEtcbAjxUiM=
github.com/toxyl/errors v0.0.0-20240410073853-96b96b437ed5/go.mod h1:ypSjJ9NOLLgF+MocQIf2cfd3EVw99J3jbwCc91Jyffo=
github.com/toxyl/flo v0.0.0-20240412132929-869b69ff6976 h1:mOOW3wwqdsHeFXEaW+ptazsVuwOJKo/kic7YIIklmNE=
github.com/toxyl/flo v0.0.0-20240412132929-869b69ff6976/go.mod h1:A+Vbz2MdgMHJn1V11q0D8TBtR4hTQmot9Is6QxkFgoU=
github.com/toxyl/glog v1.0.0-alpha.15 h1:cc7jRcEk/NKtjW1KQsXHws1v9PTgMW457HZmEVrhE64=
github.com/toxyl/glog v1.0.0-alpha.15/go.mod h1:3EMPMP5wXep81eUXWfX2vLdr4zRxkMfCcHnGHciblMc=
github.com/toxyl/glog v1.0.0-alpha.18 h1:wgLzDToBzcRDu6UCH9JeHgmVM/sCgMIJcWgeNGR+dZY=
github.com/toxyl/glog v1.0.0-alpha.18/go.mod h1:GLHcsCm86LjBUsualxvFLg74erhyE+8ZDfaZSo0r3cQ=
github.com/toxyl/math v0.0.1-alpha.4 h1:uOf7fwvUKYu7C5Hc5JDEgGFRbGyvj2ENTHzd9GsukgE=
github.com/toxyl/math v0.0.1-alpha.4/go.mod h1:vapRKwqknwc4Fnu3/kX0Qp7VfgOfTRyaqgEZCn5gf5c=
github.com/toxyl/termux-launch-fix v0.0.1-alpha.3 h1:mBwEbOJVZhaLBTBK3e1gz9Ym2DO2mMhF8QahIbThrNg=
github.com/toxyl/termux-launch-fix v0.0.1-alpha.3/go.mod h1:HGiuHhOa7KebYCf352lwJyshyqbJ+DqjzmvQU1sfTtU=
github.com/toxyl/termux-launch-fix v0.0.1-apha.1 h1:WPn10kg++/LJZhTMK/rNH99EF7iOyRcFaEo0HOgqL0g=
github.com/toxyl/termux-launch-fix v0.0.1-apha.1/go.mod h1:HGiuHhOa7KebYCf352lwJyshyqbJ+DqjzmvQU1sfTtU=
gopkg.in/check.v1 v0.0.0-20161208181325-20d25e280405 h1:yhCVgyC4o1eVCa2tZl7eS0r+SDo693bJlVdllGtEeKM=
gopkg.in/check.v1 v0.0.0-20161208181325-20d25e280405/go.mod h1:Co6ibVJAznAaIkqp8huTwlJQCZ016jof/cbN4VW5Yz0=
gopkg.in/yaml.v3 v3.0.1 h1:fxVm/GzAzEWqLHuvctI91KS9hhNmmWOoWu0XTYJS7CA=
gopkg.in/yaml.v3 v3.0.1/go.mod h1:K4uyk7z7BCEPqu6E+C64Yfv1cQ7kz7rIZviUmN+EgEM=
